
Microsoft Visual Studio Solution File, Format Version 12.00
# Visual Studio 15
VisualStudioVersion = 15.0.28307.1000
MinimumVisualStudioVersion = 10.0.40219.1
Project("{9A19103F-16F7-4668-BE54-9A1E7A4F7556}") = "Zoomtel.Web", "Zoomtel.Bs\Zoomtel.Web.csproj", "{267FCA82-41AE-49E1-9A7F-425E84D11848}"
EndProject
Project("{9A19103F-16F7-4668-BE54-9A1E7A4F7556}") = "Zoomtel.Persist", "Zoomtel.Persist\Zoomtel.Persist.csproj", "{F694CF73-881B-472D-A00F-452DAF88EA86}"
EndProject
Project("{9A19103F-16F7-4668-BE54-9A1E7A4F7556}") = "Zoomtel.Entity", "Zoomtel.Entity\Zoomtel.Entity.csproj", "{EF996EEA-AC91-40FE-9919-FD6BB262623D}"
EndProject
Project("{9A19103F-16F7-4668-BE54-9A1E7A4F7556}") = "WebApplication1", "WebApplication1\WebApplication1.csproj", "{A987ED44-9E27-4275-8108-21F8B52AB648}"
EndProject
Project("{9A19103F-16F7-4668-BE54-9A1E7A4F7556}") = "Zoomtel.Service", "Zoomtel.Service\Zoomtel.Service.csproj", "{7EE8A928-D0E9-45B7-B6A5-72DA736815FC}"
EndProject
Project("{9A19103F-16F7-4668-BE54-9A1E7A4F7556}") = "Zoomtel.Utils", "Zoomtel.Utils\Zoomtel.Utils.csproj", "{C6B26474-1C49-4413-9EFB-D0DB384FD067}"
EndProject
Project("{9A19103F-16F7-4668-BE54-9A1E7A4F7556}") = "ConsoleApp1", "ConsoleApp1\ConsoleApp1.csproj", "{9EB994E7-6C9B-40D5-942E-22AC98AE83DA}"
EndProject
Project("{2150E333-8FDC-42A3-9474-1A3956D46DE8}") = "Framework", "Framework", "{B5D9D236-015E-4FEE-88DE-4E4E4F05B02B}"
EndProject
Project("{2150E333-8FDC-42A3-9474-1A3956D46DE8}") = "AutoMapper", "AutoMapper", "{B7A0473F-B42A-4885-8D1E-C053D2C4CE67}"
EndProject
Project("{9A19103F-16F7-4668-BE54-9A1E7A4F7556}") = "Zoomtel.AutoMapper", "Zoomtel.AutoMapper\Zoomtel.AutoMapper.csproj", "{BABE6FFF-8DBE-4BB9-88CA-1B9CBF8B3693}"
EndProject
Project("{2150E333-8FDC-42A3-9474-1A3956D46DE8}") = "Auth", "Auth", "{EDB9F830-34AD-4EA3-80F3-277E92585651}"
EndProject
Project("{9A19103F-16F7-4668-BE54-9A1E7A4F7556}") = "Zoomtel.Auth", "Zoomtel.Auth\Zoomtel.Auth.csproj", "{75325D22-232A-420F-B5F5-864059E44451}"
EndProject
Project("{2150E333-8FDC-42A3-9474-1A3956D46DE8}") = "Logging", "Logging", "{CE9AF237-B6F9-4400-A692-962572CA50FF}"
EndProject
Project("{9A19103F-16F7-4668-BE54-9A1E7A4F7556}") = "Zoomtel.Logging.Serilog", "Zoomtel.Logging.Serilog\Zoomtel.Logging.Serilog.csproj", "{BD2ADFC3-46C9-4E57-8B62-03C617687344}"
EndProject
Project("{2150E333-8FDC-42A3-9474-1A3956D46DE8}") = "Swagger", "Swagger", "{8B0C28AB-63C7-4062-8976-703AAFD83FBE}"
EndProject
Project("{9A19103F-16F7-4668-BE54-9A1E7A4F7556}") = "Zoomtel.Swagger", "Zoomtel.Swagger\Zoomtel.Swagger.csproj", "{074B7C19-49D9-4778-86DF-0EEF685A1F22}"
EndProject
Project("{2150E333-8FDC-42A3-9474-1A3956D46DE8}") = "Cache", "Cache", "{52181DC7-A807-4477-824C-72D0F52CF84F}"
EndProject
Project("{9A19103F-16F7-4668-BE54-9A1E7A4F7556}") = "Zoomtel.Cache", "Zoomtel.Cahe\Zoomtel.Cache.csproj", "{C4080622-3121-4CAD-8BA7-8A2EE488A36D}"
EndProject
Project("{9A19103F-16F7-4668-BE54-9A1E7A4F7556}") = "Zoomtel.Cache.MemoryCache", "Zoomtel.Cache.MemoryCache\Zoomtel.Cache.MemoryCache.csproj", "{0D769A98-F19A-46F5-95BA-9389F632E8BB}"
EndProject
Project("{2150E333-8FDC-42A3-9474-1A3956D46DE8}") = "MiniProfiler", "MiniProfiler", "{16D11EE0-6B93-4ACC-9FB6-DAC7E268719B}"
EndProject
Project("{9A19103F-16F7-4668-BE54-9A1E7A4F7556}") = "Zoomtel.MiniProfiler", "Zoomtel.MiniProfiler\Zoomtel.MiniProfiler.csproj", "{9A74AA24-8004-4EBF-ACD7-319392BD2151}"
EndProject
Project("{2150E333-8FDC-42A3-9474-1A3956D46DE8}") = "Quartz", "Quartz", "{65387EB1-51E3-427D-B908-BA011BD12502}"
EndProject
Project("{9A19103F-16F7-4668-BE54-9A1E7A4F7556}") = "Zoomtel.Quartz.Abstractions", "Zoomtel.Quartz\Zoomtel.Quartz.Abstractions.csproj", "{B7CD0FD4-DB8E-4B00-8CFF-52FF946115CB}"
EndProject
Project("{9A19103F-16F7-4668-BE54-9A1E7A4F7556}") = "Zoomtel.Quartz.Core", "Zoomtel.Quartz.Core\Zoomtel.Quartz.Core.csproj", "{10924E6D-83BA-40EC-8F1C-FF51F1A5B71E}"
EndProject
Project("{2150E333-8FDC-42A3-9474-1A3956D46DE8}") = "System", "System", "{68E3F9E9-FC14-4D27-A0DA-71B6B86847A1}"
EndProject
Project("{2150E333-8FDC-42A3-9474-1A3956D46DE8}") = "Utils", "Utils", "{DEA28DD0-2678-4774-A597-B31B71029229}"
EndProject
Project("{9A19103F-16F7-4668-BE54-9A1E7A4F7556}") = "Zoomtel.PersistComm", "Zoomtel.PersistComm\Zoomtel.PersistComm.csproj", "{6C5C4A72-205C-4C96-B438-903DB12DB5B2}"
EndProject
Global
	GlobalSection(SolutionConfigurationPlatforms) = preSolution
		Debug|Any CPU = Debug|Any CPU
		Release|Any CPU = Release|Any CPU
	EndGlobalSection
	GlobalSection(ProjectConfigurationPlatforms) = postSolution
		{267FCA82-41AE-49E1-9A7F-425E84D11848}.Debug|Any CPU.ActiveCfg = Debug|Any CPU
		{267FCA82-41AE-49E1-9A7F-425E84D11848}.Debug|Any CPU.Build.0 = Debug|Any CPU
		{267FCA82-41AE-49E1-9A7F-425E84D11848}.Release|Any CPU.ActiveCfg = Release|Any CPU
		{267FCA82-41AE-49E1-9A7F-425E84D11848}.Release|Any CPU.Build.0 = Release|Any CPU
		{F694CF73-881B-472D-A00F-452DAF88EA86}.Debug|Any CPU.ActiveCfg = Debug|Any CPU
		{F694CF73-881B-472D-A00F-452DAF88EA86}.Debug|Any CPU.Build.0 = Debug|Any CPU
		{F694CF73-881B-472D-A00F-452DAF88EA86}.Release|Any CPU.ActiveCfg = Release|Any CPU
		{F694CF73-881B-472D-A00F-452DAF88EA86}.Release|Any CPU.Build.0 = Release|Any CPU
		{EF996EEA-AC91-40FE-9919-FD6BB262623D}.Debug|Any CPU.ActiveCfg = Debug|Any CPU
		{EF996EEA-AC91-40FE-9919-FD6BB262623D}.Debug|Any CPU.Build.0 = Debug|Any CPU
		{EF996EEA-AC91-40FE-9919-FD6BB262623D}.Release|Any CPU.ActiveCfg = Release|Any CPU
		{EF996EEA-AC91-40FE-9919-FD6BB262623D}.Release|Any CPU.Build.0 = Release|Any CPU
		{A987ED44-9E27-4275-8108-21F8B52AB648}.Debug|Any CPU.ActiveCfg = Debug|Any CPU
		{A987ED44-9E27-4275-8108-21F8B52AB648}.Debug|Any CPU.Build.0 = Debug|Any CPU
		{A987ED44-9E27-4275-8108-21F8B52AB648}.Release|Any CPU.ActiveCfg = Release|Any CPU
		{A987ED44-9E27-4275-8108-21F8B52AB648}.Release|Any CPU.Build.0 = Release|Any CPU
		{7EE8A928-D0E9-45B7-B6A5-72DA736815FC}.Debug|Any CPU.ActiveCfg = Debug|Any CPU
		{7EE8A928-D0E9-45B7-B6A5-72DA736815FC}.Debug|Any CPU.Build.0 = Debug|Any CPU
		{7EE8A928-D0E9-45B7-B6A5-72DA736815FC}.Release|Any CPU.ActiveCfg = Release|Any CPU
		{7EE8A928-D0E9-45B7-B6A5-72DA736815FC}.Release|Any CPU.Build.0 = Release|Any CPU
		{C6B26474-1C49-4413-9EFB-D0DB384FD067}.Debug|Any CPU.ActiveCfg = Debug|Any CPU
		{C6B26474-1C49-4413-9EFB-D0DB384FD067}.Debug|Any CPU.Build.0 = Debug|Any CPU
		{C6B26474-1C49-4413-9EFB-D0DB384FD067}.Release|Any CPU.ActiveCfg = Release|Any CPU
		{C6B26474-1C49-4413-9EFB-D0DB384FD067}.Release|Any CPU.Build.0 = Release|Any CPU
		{9EB994E7-6C9B-40D5-942E-22AC98AE83DA}.Debug|Any CPU.ActiveCfg = Debug|Any CPU
		{9EB994E7-6C9B-40D5-942E-22AC98AE83DA}.Debug|Any CPU.Build.0 = Debug|Any CPU
		{9EB994E7-6C9B-40D5-942E-22AC98AE83DA}.Release|Any CPU.ActiveCfg = Release|Any CPU
		{9EB994E7-6C9B-40D5-942E-22AC98AE83DA}.Release|Any CPU.Build.0 = Release|Any CPU
		{BABE6FFF-8DBE-4BB9-88CA-1B9CBF8B3693}.Debug|Any CPU.ActiveCfg = Debug|Any CPU
		{BABE6FFF-8DBE-4BB9-88CA-1B9CBF8B3693}.Debug|Any CPU.Build.0 = Debug|Any CPU
		{BABE6FFF-8DBE-4BB9-88CA-1B9CBF8B3693}.Release|Any CPU.ActiveCfg = Release|Any CPU
		{BABE6FFF-8DBE-4BB9-88CA-1B9CBF8B3693}.Release|Any CPU.Build.0 = Release|Any CPU
		{75325D22-232A-420F-B5F5-864059E44451}.Debug|Any CPU.ActiveCfg = Debug|Any CPU
		{75325D22-232A-420F-B5F5-864059E44451}.Debug|Any CPU.Build.0 = Debug|Any CPU
		{75325D22-232A-420F-B5F5-864059E44451}.Release|Any CPU.ActiveCfg = Release|Any CPU
		{75325D22-232A-420F-B5F5-864059E44451}.Release|Any CPU.Build.0 = Release|Any CPU
		{BD2ADFC3-46C9-4E57-8B62-03C617687344}.Debug|Any CPU.ActiveCfg = Debug|Any CPU
		{BD2ADFC3-46C9-4E57-8B62-03C617687344}.Debug|Any CPU.Build.0 = Debug|Any CPU
		{BD2ADFC3-46C9-4E57-8B62-03C617687344}.Release|Any CPU.ActiveCfg = Release|Any CPU
		{BD2ADFC3-46C9-4E57-8B62-03C617687344}.Release|Any CPU.Build.0 = Release|Any CPU
		{074B7C19-49D9-4778-86DF-0EEF685A1F22}.Debug|Any CPU.ActiveCfg = Debug|Any CPU
		{074B7C19-49D9-4778-86DF-0EEF685A1F22}.Debug|Any CPU.Build.0 = Debug|Any CPU
		{074B7C19-49D9-4778-86DF-0EEF685A1F22}.Release|Any CPU.ActiveCfg = Release|Any CPU
		{074B7C19-49D9-4778-86DF-0EEF685A1F22}.Release|Any CPU.Build.0 = Release|Any CPU
		{C4080622-3121-4CAD-8BA7-8A2EE488A36D}.Debug|Any CPU.ActiveCfg = Debug|Any CPU
		{C4080622-3121-4CAD-8BA7-8A2EE488A36D}.Debug|Any CPU.Build.0 = Debug|Any CPU
		{C4080622-3121-4CAD-8BA7-8A2EE488A36D}.Release|Any CPU.ActiveCfg = Release|Any CPU
		{C4080622-3121-4CAD-8BA7-8A2EE488A36D}.Release|Any CPU.Build.0 = Release|Any CPU
		{0D769A98-F19A-46F5-95BA-9389F632E8BB}.Debug|Any CPU.ActiveCfg = Debug|Any CPU
		{0D769A98-F19A-46F5-95BA-9389F632E8BB}.Debug|Any CPU.Build.0 = Debug|Any CPU
		{0D769A98-F19A-46F5-95BA-9389F632E8BB}.Release|Any CPU.ActiveCfg = Release|Any CPU
		{0D769A98-F19A-46F5-95BA-9389F632E8BB}.Release|Any CPU.Build.0 = Release|Any CPU
		{9A74AA24-8004-4EBF-ACD7-319392BD2151}.Debug|Any CPU.ActiveCfg = Debug|Any CPU
		{9A74AA24-8004-4EBF-ACD7-319392BD2151}.Debug|Any CPU.Build.0 = Debug|Any CPU
		{9A74AA24-8004-4EBF-ACD7-319392BD2151}.Release|Any CPU.ActiveCfg = Release|Any CPU
		{9A74AA24-8004-4EBF-ACD7-319392BD2151}.Release|Any CPU.Build.0 = Release|Any CPU
		{B7CD0FD4-DB8E-4B00-8CFF-52FF946115CB}.Debug|Any CPU.ActiveCfg = Debug|Any CPU
		{B7CD0FD4-DB8E-4B00-8CFF-52FF946115CB}.Debug|Any CPU.Build.0 = Debug|Any CPU
		{B7CD0FD4-DB8E-4B00-8CFF-52FF946115CB}.Release|Any CPU.ActiveCfg = Release|Any CPU
		{B7CD0FD4-DB8E-4B00-8CFF-52FF946115CB}.Release|Any CPU.Build.0 = Release|Any CPU
		{10924E6D-83BA-40EC-8F1C-FF51F1A5B71E}.Debug|Any CPU.ActiveCfg = Debug|Any CPU
		{10924E6D-83BA-40EC-8F1C-FF51F1A5B71E}.Debug|Any CPU.Build.0 = Debug|Any CPU
		{10924E6D-83BA-40EC-8F1C-FF51F1A5B71E}.Release|Any CPU.ActiveCfg = Release|Any CPU
		{10924E6D-83BA-40EC-8F1C-FF51F1A5B71E}.Release|Any CPU.Build.0 = Release|Any CPU
		{6C5C4A72-205C-4C96-B438-903DB12DB5B2}.Debug|Any CPU.ActiveCfg = Debug|Any CPU
		{6C5C4A72-205C-4C96-B438-903DB12DB5B2}.Debug|Any CPU.Build.0 = Debug|Any CPU
		{6C5C4A72-205C-4C96-B438-903DB12DB5B2}.Release|Any CPU.ActiveCfg = Release|Any CPU
		{6C5C4A72-205C-4C96-B438-903DB12DB5B2}.Release|Any CPU.Build.0 = Release|Any CPU
	EndGlobalSection
	GlobalSection(SolutionProperties) = preSolution
		HideSolutionNode = FALSE
	EndGlobalSection
	GlobalSection(NestedProjects) = preSolution
		{F694CF73-881B-472D-A00F-452DAF88EA86} = {68E3F9E9-FC14-4D27-A0DA-71B6B86847A1}
		{EF996EEA-AC91-40FE-9919-FD6BB262623D} = {68E3F9E9-FC14-4D27-A0DA-71B6B86847A1}
		{7EE8A928-D0E9-45B7-B6A5-72DA736815FC} = {68E3F9E9-FC14-4D27-A0DA-71B6B86847A1}
		{C6B26474-1C49-4413-9EFB-D0DB384FD067} = {DEA28DD0-2678-4774-A597-B31B71029229}
		{B7A0473F-B42A-4885-8D1E-C053D2C4CE67} = {B5D9D236-015E-4FEE-88DE-4E4E4F05B02B}
		{BABE6FFF-8DBE-4BB9-88CA-1B9CBF8B3693} = {B7A0473F-B42A-4885-8D1E-C053D2C4CE67}
		{EDB9F830-34AD-4EA3-80F3-277E92585651} = {B5D9D236-015E-4FEE-88DE-4E4E4F05B02B}
		{75325D22-232A-420F-B5F5-864059E44451} = {EDB9F830-34AD-4EA3-80F3-277E92585651}
		{CE9AF237-B6F9-4400-A692-962572CA50FF} = {B5D9D236-015E-4FEE-88DE-4E4E4F05B02B}
		{BD2ADFC3-46C9-4E57-8B62-03C617687344} = {CE9AF237-B6F9-4400-A692-962572CA50FF}
		{8B0C28AB-63C7-4062-8976-703AAFD83FBE} = {B5D9D236-015E-4FEE-88DE-4E4E4F05B02B}
		{074B7C19-49D9-4778-86DF-0EEF685A1F22} = {8B0C28AB-63C7-4062-8976-703AAFD83FBE}
		{52181DC7-A807-4477-824C-72D0F52CF84F} = {B5D9D236-015E-4FEE-88DE-4E4E4F05B02B}
		{C4080622-3121-4CAD-8BA7-8A2EE488A36D} = {52181DC7-A807-4477-824C-72D0F52CF84F}
		{0D769A98-F19A-46F5-95BA-9389F632E8BB} = {52181DC7-A807-4477-824C-72D0F52CF84F}
		{16D11EE0-6B93-4ACC-9FB6-DAC7E268719B} = {B5D9D236-015E-4FEE-88DE-4E4E4F05B02B}
		{9A74AA24-8004-4EBF-ACD7-319392BD2151} = {16D11EE0-6B93-4ACC-9FB6-DAC7E268719B}
		{65387EB1-51E3-427D-B908-BA011BD12502} = {B5D9D236-015E-4FEE-88DE-4E4E4F05B02B}
		{B7CD0FD4-DB8E-4B00-8CFF-52FF946115CB} = {65387EB1-51E3-427D-B908-BA011BD12502}
		{10924E6D-83BA-40EC-8F1C-FF51F1A5B71E} = {65387EB1-51E3-427D-B908-BA011BD12502}
		{DEA28DD0-2678-4774-A597-B31B71029229} = {B5D9D236-015E-4FEE-88DE-4E4E4F05B02B}
		{6C5C4A72-205C-4C96-B438-903DB12DB5B2} = {68E3F9E9-FC14-4D27-A0DA-71B6B86847A1}
	EndGlobalSection
	GlobalSection(ExtensibilityGlobals) = postSolution
		SolutionGuid = {0F35D9C6-E164-4824-9A98-3E3BA4621C12}
	EndGlobalSection
EndGlobal
